packages:
  - name: dbt_expectations
    package: metaplane/dbt_expectations
    version: 0.10.9
  - name: dbt_utils
    package: dbt-labs/dbt_utils
    version: 1.3.0
  - git: https://github.com/Jcjara/dv_platform.git
    name: dv_platform
    revision: 1e12a0b38d2db80e63de3c8b963c36aad4cc982c
  - name: codegen
    package: dbt-labs/codegen
    version: 0.12.1
  - name: dbt_date
    package: godatadriven/dbt_date
    version: 0.16.1
sha1_hash: db1eaaa7e171e72b8d03bcd47fa5195b0fbcffab
